
Microsoft Visual Studio Solution File, Format Version 12.00
# Visual Studio Version 16
VisualStudioVersion = 25.0.1705.6
MinimumVisualStudioVersion = 10.0.40219.1
Project("{FAE04EC0-301F-11D3-BF4B-00C04F79EFBC}") = "LinkedLists_assignment", "LinkedLists_assignment\LinkedLists_assignment.csproj", "{C7CE1483-1E58-44D1-9AFA-23794891E559}"
EndProject
Project("{FAE04EC0-301F-11D3-BF4B-00C04F79EFBC}") = "LinkedLists_assignment.Tests", "LinkedLists_assignment.Tests\LinkedLists_assignment.Tests.csproj", "{1779D121-BF7F-4056-9EBC-002A274639B3}"
EndProject
Global
	GlobalSection(SolutionConfigurationPlatforms) = preSolution
		Debug|Any CPU = Debug|Any CPU
		Release|Any CPU = Release|Any CPU
	EndGlobalSection
	GlobalSection(ProjectConfigurationPlatforms) = postSolution
		{C7CE1483-1E58-44D1-9AFA-23794891E559}.Debug|Any CPU.ActiveCfg = Debug|Any CPU
		{C7CE1483-1E58-44D1-9AFA-23794891E559}.Debug|Any CPU.Build.0 = Debug|Any CPU
		{C7CE1483-1E58-44D1-9AFA-23794891E559}.Release|Any CPU.ActiveCfg = Release|Any CPU
		{C7CE1483-1E58-44D1-9AFA-23794891E559}.Release|Any CPU.Build.0 = Release|Any CPU
		{1779D121-BF7F-4056-9EBC-002A274639B3}.Debug|Any CPU.ActiveCfg = Debug|Any CPU
		{1779D121-BF7F-4056-9EBC-002A274639B3}.Debug|Any CPU.Build.0 = Debug|Any CPU
		{1779D121-BF7F-4056-9EBC-002A274639B3}.Release|Any CPU.ActiveCfg = Release|Any CPU
		{1779D121-BF7F-4056-9EBC-002A274639B3}.Release|Any CPU.Build.0 = Release|Any CPU
	EndGlobalSection
	GlobalSection(SolutionProperties) = preSolution
		HideSolutionNode = FALSE
	EndGlobalSection
	GlobalSection(ExtensibilityGlobals) = postSolution
		SolutionGuid = {1830AF09-FF8A-4350-A8DD-C17777B8A541}
	EndGlobalSection
EndGlobal
